// !$*UTF8*$!
{
	archiveVersion = 1;
	classes = {
	};
	objectVersion = 46;
	objects = {

/* Begin PBXBuildFile section */
		2A0F51A91ADA4F8500509298 /* Queue.c in Sources */ = {isa = PBXBuildFile; fileRef = 2A0F51A71ADA4F8500509298 /* Queue.c */; };
		2A0F51AC1ADA4FA100509298 /* Tree.c in Sources */ = {isa = PBXBuildFile; fileRef = 2A0F51AA1ADA4FA100509298 /* Tree.c */; };
		2AAB177C1AE2382200692079 /* alarm.c in Sources */ = {isa = PBXBuildFile; fileRef = 2AAB177A1AE2382200692079 /* alarm.c */; };
		4C2A6C881AB5DDC00099D64C /* main.c in Sources */ = {isa = PBXBuildFile; fileRef = 4C2A6C871AB5DDC00099D64C /* main.c */; };
		4CD4CEE91ABEAEC600B64845 /* polygon.c in Sources */ = {isa = PBXBuildFile; fileRef = 4CD4CEE71ABEAEC600B64845 /* polygon.c */; };
		4CD4CEEC1ABEAEEB00B64845 /* line.c in Sources */ = {isa = PBXBuildFile; fileRef = 4CD4CEEA1ABEAEEB00B64845 /* line.c */; };
/* End PBXBuildFile section */

/* Begin PBXCopyFilesBuildPhase section */
		4C2A6C821AB5DDC00099D64C /* CopyFiles */ = {
			isa = PBXCopyFilesBuildPhase;
			buildActionMask = 2147483647;
			dstPath = /usr/share/man/man1/;
			dstSubfolderSpec = 0;
			files = (
			);
			runOnlyForDeploymentPostprocessing = 1;
		};
/* End PBXCopyFilesBuildPhase section */

/* Begin PBXFileReference section */
		2A0F51A71ADA4F8500509298 /* Queue.c */ = {isa = PBXFileReference; fileEncoding = 4; lastKnownFileType = sourcecode.c.c; path = Queue.c; sourceTree = "<group>"; };
		2A0F51A81ADA4F8500509298 /* Queue.h */ = {isa = PBXFileReference; fileEncoding = 4; lastKnownFileType = sourcecode.c.h; path = Queue.h; sourceTree = "<group>"; };
		2A0F51AA1ADA4FA100509298 /* Tree.c */ = {isa = PBXFileReference; fileEncoding = 4; lastKnownFileType = sourcecode.c.c; path = Tree.c; sourceTree = "<group>"; };
		2A0F51AB1ADA4FA100509298 /* Tree.h */ = {isa = PBXFileReference; fileEncoding = 4; lastKnownFileType = sourcecode.c.h; path = Tree.h; sourceTree = "<group>"; };
		2AAB177A1AE2382200692079 /* alarm.c */ = {isa = PBXFileReference; fileEncoding = 4; lastKnownFileType = sourcecode.c.c; path = alarm.c; sourceTree = "<group>"; };
		2AAB177B1AE2382200692079 /* alarm.h */ = {isa = PBXFileReference; fileEncoding = 4; lastKnownFileType = sourcecode.c.h; path = alarm.h; sourceTree = "<group>"; };
		2AF23E8D1AE4CAF7005EF223 /* errors.h */ = {isa = PBXFileReference; fileEncoding = 4; lastKnownFileType = sourcecode.c.h; path = errors.h; sourceTree = "<group>"; };
		4C2A6C841AB5DDC00099D64C /* GLEX */ = {isa = PBXFileReference; explicitFileType = "compiled.mach-o.executable"; includeInIndex = 0; path = GLEX; sourceTree = BUILT_PRODUCTS_DIR; };
		4C2A6C871AB5DDC00099D64C /* main.c */ = {isa = PBXFileReference; lastKnownFileType = sourcecode.c.c; path = main.c; sourceTree = "<group>"; };
		4CD4CEE71ABEAEC600B64845 /* polygon.c */ = {isa = PBXFileReference; fileEncoding = 4; lastKnownFileType = sourcecode.c.c; path = polygon.c; sourceTree = "<group>"; };
		4CD4CEE81ABEAEC600B64845 /* polygon.h */ = {isa = PBXFileReference; fileEncoding = 4; lastKnownFileType = sourcecode.c.h; path = polygon.h; sourceTree = "<group>"; };
		4CD4CEEA1ABEAEEB00B64845 /* line.c */ = {isa = PBXFileReference; fileEncoding = 4; lastKnownFileType = sourcecode.c.c; path = line.c; sourceTree = "<group>"; };
		4CD4CEEB1ABEAEEB00B64845 /* line.h */ = {isa = PBXFileReference; fileEncoding = 4; lastKnownFileType = sourcecode.c.h; path = line.h; sourceTree = "<group>"; };
/* End PBXFileReference section */

/* Begin PBXFrameworksBuildPhase section */
		4C2A6C811AB5DDC00099D64C /* Frameworks */ = {
			isa = PBXFrameworksBuildPhase;
			buildActionMask = 2147483647;
			files = (
			);
			runOnlyForDeploymentPostprocessing = 0;
		};
/* End PBXFrameworksBuildPhase section */

/* Begin PBXGroup section */
		2A0F51A61ADA4F8500509298 /* ADT */ = {
			isa = PBXGroup;
			children = (
				2A0F51A71ADA4F8500509298 /* Queue.c */,
				2A0F51A81ADA4F8500509298 /* Queue.h */,
				2A0F51AA1ADA4FA100509298 /* Tree.c */,
				2A0F51AB1ADA4FA100509298 /* Tree.h */,
			);
			path = ADT;
			sourceTree = "<group>";
		};
		2AAB17791AE237E800692079 /* Thread */ = {
			isa = PBXGroup;
			children = (
				2AAB177A1AE2382200692079 /* alarm.c */,
				2AAB177B1AE2382200692079 /* alarm.h */,
			);
			path = Thread;
			sourceTree = "<group>";
		};
		4C2A6C7B1AB5DDC00099D64C = {
			isa = PBXGroup;
			children = (
				4C2A6C861AB5DDC00099D64C /* GLEX */,
				4C2A6C851AB5DDC00099D64C /* Products */,
			);
			sourceTree = "<group>";
		};
		4C2A6C851AB5DDC00099D64C /* Products */ = {
			isa = PBXGroup;
			children = (
				4C2A6C841AB5DDC00099D64C /* GLEX */,
			);
			name = Products;
			sourceTree = "<group>";
		};
		4C2A6C861AB5DDC00099D64C /* GLEX */ = {
			isa = PBXGroup;
			children = (
				2A0F51A61ADA4F8500509298 /* ADT */,
				2AAB17791AE237E800692079 /* Thread */,
				4C2A6C871AB5DDC00099D64C /* main.c */,
				2AF23E8D1AE4CAF7005EF223 /* errors.h */,
				4CD4CEE71ABEAEC600B64845 /* polygon.c */,
				4CD4CEE81ABEAEC600B64845 /* polygon.h */,
				4CD4CEEA1ABEAEEB00B64845 /* line.c */,
				4CD4CEEB1ABEAEEB00B64845 /* line.h */,
			);
			path = GLEX;
			sourceTree = "<group>";
		};
/* End PBXGroup section */

/* Begin PBXNativeTarget section */
		4C2A6C831AB5DDC00099D64C /* GLEX */ = {
			isa = PBXNativeTarget;
			buildConfigurationList = 4C2A6C8B1AB5DDC00099D64C /* Build configuration list for PBXNativeTarget "GLEX" */;
			buildPhases = (
				4C2A6C801AB5DDC00099D64C /* Sources */,
				4C2A6C811AB5DDC00099D64C /* Frameworks */,
				4C2A6C821AB5DDC00099D64C /* CopyFiles */,
			);
			buildRules = (
			);
			dependencies = (
			);
			name = GLEX;
			productName = GLEX;
			productReference = 4C2A6C841AB5DDC00099D64C /* GLEX */;
			productType = "com.apple.product-type.tool";
		};
/* End PBXNativeTarget section */

/* Begin PBXProject section */
		4C2A6C7C1AB5DDC00099D64C /* Project object */ = {
			isa = PBXProject;
			attributes = {
				LastUpgradeCheck = 0620;
				ORGANIZATIONNAME = "李佳";
				TargetAttributes = {
					4C2A6C831AB5DDC00099D64C = {
						CreatedOnToolsVersion = 6.2;
					};
				};
			};
			buildConfigurationList = 4C2A6C7F1AB5DDC00099D64C /* Build configuration list for PBXProject "GLEX" */;
			compatibilityVersion = "Xcode 3.2";
			developmentRegion = English;
			hasScannedForEncodings = 0;
			knownRegions = (
				en,
			);
			mainGroup = 4C2A6C7B1AB5DDC00099D64C;
			productRefGroup = 4C2A6C851AB5DDC00099D64C /* Products */;
			projectDirPath = "";
			projectRoot = "";
			targets = (
				4C2A6C831AB5DDC00099D64C /* GLEX */,
			);
		};
/* End PBXProject section */

/* Begin PBXSourcesBuildPhase section */
		4C2A6C801AB5DDC00099D64C /* Sources */ = {
			isa = PBXSourcesBuildPhase;
			buildActionMask = 2147483647;
			files = (
				2A0F51AC1ADA4FA100509298 /* Tree.c in Sources */,
				4C2A6C881AB5DDC00099D64C /* main.c in Sources */,
				2A0F51A91ADA4F8500509298 /* Queue.c in Sources */,
				2AAB177C1AE2382200692079 /* alarm.c in Sources */,
				4CD4CEEC1ABEAEEB00B64845 /* line.c in Sources */,
				4CD4CEE91ABEAEC600B64845 /* polygon.c in Sources */,
			);
			runOnlyForDeploymentPostprocessing = 0;
		};
/* End PBXSourcesBuildPhase section */

/* Begin XCBuildConfiguration section */
		4C2A6C891AB5DDC00099D64C /* Debug */ = {
			isa = XCBuildConfiguration;
			buildSettings = {
				ALWAYS_SEARCH_USER_PATHS = NO;
				CLANG_CXX_LANGUAGE_STANDARD = "gnu++0x";
				CLANG_CXX_LIBRARY = "libc++";
				CLANG_ENABLE_MODULES = YES;
				CLANG_ENABLE_OBJC_ARC = YES;
				CLANG_WARN_BOOL_CONVERSION = YES;
				CLANG_WARN_CONSTANT_CONVERSION = YES;
				CLANG_WARN_DIRECT_OBJC_ISA_USAGE = YES_ERROR;
				CLANG_WARN_EMPTY_BODY = YES;
				CLANG_WARN_ENUM_CONVERSION = YES;
				CLANG_WARN_INT_CONVERSION = YES;
				CLANG_WARN_OBJC_ROOT_CLASS = YES_ERROR;
				CLANG_WARN_UNREACHABLE_CODE = YES;
				CLANG_WARN__DUPLICATE_METHOD_MATCH = YES;
				COPY_PHASE_STRIP = NO;
				ENABLE_STRICT_OBJC_MSGSEND = YES;
				GCC_C_LANGUAGE_STANDARD = gnu99;
				GCC_DYNAMIC_NO_PIC = NO;
				GCC_OPTIMIZATION_LEVEL = 0;
				GCC_PREPROCESSOR_DEFINITIONS = (
					"DEBUG=1",
					"$(inherited)",
				);
				GCC_SYMBOLS_PRIVATE_EXTERN = NO;
				GCC_WARN_64_TO_32_BIT_CONVERSION = YES;
				GCC_WARN_ABOUT_RETURN_TYPE = YES_ERROR;
				GCC_WARN_UNDECLARED_SELECTOR = YES;
				GCC_WARN_UNINITIALIZED_AUTOS = YES_AGGRESSIVE;
				GCC_WARN_UNUSED_FUNCTION = YES;
				GCC_WARN_UNUSED_VARIABLE = YES;
				MACOSX_DEPLOYMENT_TARGET = 10.7;
				MTL_ENABLE_DEBUG_INFO = YES;
				ONLY_ACTIVE_ARCH = YES;
				SDKROOT = macosx;
			};
			name = Debug;
		};
		4C2A6C8A1AB5DDC00099D64C /* Release */ = {
			isa = XCBuildConfiguration;
			buildSettings = {
				ALWAYS_SEARCH_USER_PATHS = NO;
				CLANG_CXX_LANGUAGE_STANDARD = "gnu++0x";
				CLANG_CXX_LIBRARY = "libc++";
				CLANG_ENABLE_MODULES = YES;
				CLANG_ENABLE_OBJC_ARC = YES;
				CLANG_WARN_BOOL_CONVERSION = YES;
				CLANG_WARN_CONSTANT_CONVERSION = YES;
				CLANG_WARN_DIRECT_OBJC_ISA_USAGE = YES_ERROR;
				CLANG_WARN_EMPTY_BODY = YES;
				CLANG_WARN_ENUM_CONVERSION = YES;
				CLANG_WARN_INT_CONVERSION = YES;
				CLANG_WARN_OBJC_ROOT_CLASS = YES_ERROR;
				CLANG_WARN_UNREACHABLE_CODE = YES;
				CLANG_WARN__DUPLICATE_METHOD_MATCH = YES;
				COPY_PHASE_STRIP = NO;
				DEBUG_INFORMATION_FORMAT = "dwarf-with-dsym";
				ENABLE_NS_ASSERTIONS = NO;
				ENABLE_STRICT_OBJC_MSGSEND = YES;
				GCC_C_LANGUAGE_STANDARD = gnu99;
				GCC_WARN_64_TO_32_BIT_CONVERSION = YES;
				GCC_WARN_ABOUT_RETURN_TYPE = YES_ERROR;
				GCC_WARN_UNDECLARED_SELECTOR = YES;
				GCC_WARN_UNINITIALIZED_AUTOS = YES_AGGRESSIVE;
				GCC_WARN_UNUSED_FUNCTION = YES;
				GCC_WARN_UNUSED_VARIABLE = YES;
				MACOSX_DEPLOYMENT_TARGET = 10.7;
				MTL_ENABLE_DEBUG_INFO = NO;
				SDKROOT = macosx;
			};
			name = Release;
		};
		4C2A6C8C1AB5DDC00099D64C /* Debug */ = {
			isa = XCBuildConfiguration;
			buildSettings = {
				GCC_WARN_ABOUT_DEPRECATED_FUNCTIONS = NO;
				PRODUCT_NAME = "$(TARGET_NAME)";
			};
			name = Debug;
		};
		4C2A6C8D1AB5DDC00099D64C /* Release */ = {
			isa = XCBuildConfiguration;
			buildSettings = {
				GCC_WARN_ABOUT_DEPRECATED_FUNCTIONS = NO;
				PRODUCT_NAME = "$(TARGET_NAME)";
			};
			name = Release;
		};
/* End XCBuildConfiguration section */

/* Begin XCConfigurationList section */
		4C2A6C7F1AB5DDC00099D64C /* Build configuration list for PBXProject "GLEX" */ = {
			isa = XCConfigurationList;
			buildConfigurations = (
				4C2A6C891AB5DDC00099D64C /* Debug */,
				4C2A6C8A1AB5DDC00099D64C /* Release */,
			);
			defaultConfigurationIsVisible = 0;
			defaultConfigurationName = Release;
		};
		4C2A6C8B1AB5DDC00099D64C /* Build configuration list for PBXNativeTarget "GLEX" */ = {
			isa = XCConfigurationList;
			buildConfigurations = (
				4C2A6C8C1AB5DDC00099D64C /* Debug */,
				4C2A6C8D1AB5DDC00099D64C /* Release */,
			);
			defaultConfigurationIsVisible = 0;
			defaultConfigurationName = Release;
		};
/* End XCConfigurationList section */
	};
	rootObject = 4C2A6C7C1AB5DDC00099D64C /* Project object */;
}
